
Microsoft Visual Studio Solution File, Format Version 12.00
# Visual Studio Version 16
VisualStudioVersion = 16.0.31829.152
MinimumVisualStudioVersion = 10.0.40219.1
Project("{8BC9CEB8-8B4A-11D0-8D11-00A0C91BC942}") = "Asteroids", "Asteroids\Asteroids.vcxproj", "{B18B3F6F-79BA-47F1-9F9F-4BF0CBA80189}"
EndProject
Global
	GlobalSection(SolutionConfigurationPlatforms) = preSolution
		Debug|x64 = Debug|x64
		Debug|x86 = Debug|x86
		Release|x64 = Release|x64
		Release|x86 = Release|x86
	EndGlobalSection
	GlobalSection(ProjectConfigurationPlatforms) = postSolution
		{B18B3F6F-79BA-47F1-9F9F-4BF0CBA80189}.Debug|x64.ActiveCfg = Debug|x64
		{B18B3F6F-79BA-47F1-9F9F-4BF0CBA80189}.Debug|x64.Build.0 = Debug|x64
		{B18B3F6F-79BA-47F1-9F9F-4BF0CBA80189}.Debug|x86.ActiveCfg = Debug|Win32
		{B18B3F6F-79BA-47F1-9F9F-4BF0CBA80189}.Debug|x86.Build.0 = Debug|Win32
		{B18B3F6F-79BA-47F1-9F9F-4BF0CBA80189}.Release|x64.ActiveCfg = Release|x64
		{B18B3F6F-79BA-47F1-9F9F-4BF0CBA80189}.Release|x64.Build.0 = Release|x64
		{B18B3F6F-79BA-47F1-9F9F-4BF0CBA80189}.Release|x86.ActiveCfg = Release|Win32
		{B18B3F6F-79BA-47F1-9F9F-4BF0CBA80189}.Release|x86.Build.0 = Release|Win32
	EndGlobalSection
	GlobalSection(SolutionProperties) = preSolution
		HideSolutionNode = FALSE
	EndGlobalSection
	GlobalSection(ExtensibilityGlobals) = postSolution
		SolutionGuid = {BB8BE735-53A5-411F-B6BA-12E295F51093}
	EndGlobalSection
EndGlobal
